
Microsoft Visual Studio Solution File, Format Version 12.00
# Visual Studio Version 16
VisualStudioVersion = 16.0.31410.357
MinimumVisualStudioVersion = 10.0.40219.1
Project("{FAE04EC0-301F-11D3-BF4B-00C04F79EFBC}") = "Task01", "Task01\Task01.csproj", "{DC281399-F629-4476-A162-56ACD2C99EB0}"
EndProject
Project("{FAE04EC0-301F-11D3-BF4B-00C04F79EFBC}") = "Task02", "Task02\Task02.csproj", "{D21907CF-42C4-4A99-80C7-9132A414BF4F}"
EndProject
Project("{FAE04EC0-301F-11D3-BF4B-00C04F79EFBC}") = "Task03", "Task03\Task03.csproj", "{495A9A2F-ED52-4AB5-A1D6-85B680C0BCAA}"
EndProject
Project("{FAE04EC0-301F-11D3-BF4B-00C04F79EFBC}") = "Task04", "Task04\Task04.csproj", "{1C85F04B-A8B5-4845-84CC-0A94DAD2075F}"
EndProject
Project("{FAE04EC0-301F-11D3-BF4B-00C04F79EFBC}") = "Task05", "Task05\Task05.csproj", "{EEF6E213-944E-45A0-889F-A4D5AD47C6A1}"
EndProject
Global
	GlobalSection(SolutionConfigurationPlatforms) = preSolution
		Debug|Any CPU = Debug|Any CPU
		Release|Any CPU = Release|Any CPU
	EndGlobalSection
	GlobalSection(ProjectConfigurationPlatforms) = postSolution
		{DC281399-F629-4476-A162-56ACD2C99EB0}.Debug|Any CPU.ActiveCfg = Debug|Any CPU
		{DC281399-F629-4476-A162-56ACD2C99EB0}.Debug|Any CPU.Build.0 = Debug|Any CPU
		{DC281399-F629-4476-A162-56ACD2C99EB0}.Release|Any CPU.ActiveCfg = Release|Any CPU
		{DC281399-F629-4476-A162-56ACD2C99EB0}.Release|Any CPU.Build.0 = Release|Any CPU
		{D21907CF-42C4-4A99-80C7-9132A414BF4F}.Debug|Any CPU.ActiveCfg = Debug|Any CPU
		{D21907CF-42C4-4A99-80C7-9132A414BF4F}.Debug|Any CPU.Build.0 = Debug|Any CPU
		{D21907CF-42C4-4A99-80C7-9132A414BF4F}.Release|Any CPU.ActiveCfg = Release|Any CPU
		{D21907CF-42C4-4A99-80C7-9132A414BF4F}.Release|Any CPU.Build.0 = Release|Any CPU
		{495A9A2F-ED52-4AB5-A1D6-85B680C0BCAA}.Debug|Any CPU.ActiveCfg = Debug|Any CPU
		{495A9A2F-ED52-4AB5-A1D6-85B680C0BCAA}.Debug|Any CPU.Build.0 = Debug|Any CPU
		{495A9A2F-ED52-4AB5-A1D6-85B680C0BCAA}.Release|Any CPU.ActiveCfg = Release|Any CPU
		{495A9A2F-ED52-4AB5-A1D6-85B680C0BCAA}.Release|Any CPU.Build.0 = Release|Any CPU
		{1C85F04B-A8B5-4845-84CC-0A94DAD2075F}.Debug|Any CPU.ActiveCfg = Debug|Any CPU
		{1C85F04B-A8B5-4845-84CC-0A94DAD2075F}.Debug|Any CPU.Build.0 = Debug|Any CPU
		{1C85F04B-A8B5-4845-84CC-0A94DAD2075F}.Release|Any CPU.ActiveCfg = Release|Any CPU
		{1C85F04B-A8B5-4845-84CC-0A94DAD2075F}.Release|Any CPU.Build.0 = Release|Any CPU
		{EEF6E213-944E-45A0-889F-A4D5AD47C6A1}.Debug|Any CPU.ActiveCfg = Debug|Any CPU
		{EEF6E213-944E-45A0-889F-A4D5AD47C6A1}.Debug|Any CPU.Build.0 = Debug|Any CPU
		{EEF6E213-944E-45A0-889F-A4D5AD47C6A1}.Release|Any CPU.ActiveCfg = Release|Any CPU
		{EEF6E213-944E-45A0-889F-A4D5AD47C6A1}.Release|Any CPU.Build.0 = Release|Any CPU
	EndGlobalSection
	GlobalSection(SolutionProperties) = preSolution
		HideSolutionNode = FALSE
	EndGlobalSection
	GlobalSection(ExtensibilityGlobals) = postSolution
		SolutionGuid = {41C9BB24-6934-4346-B6D4-454339B6C3EE}
	EndGlobalSection
EndGlobal
