
Microsoft Visual Studio Solution File, Format Version 12.00
# Visual Studio Version 16
VisualStudioVersion = 16.0.31410.357
MinimumVisualStudioVersion = 10.0.40219.1
Project("{FAE04EC0-301F-11D3-BF4B-00C04F79EFBC}") = "Task01", "Task01\Task01.csproj", "{DC281399-F629-4476-A162-56ACD2C99EB0}"
EndProject
Project("{FAE04EC0-301F-11D3-BF4B-00C04F79EFBC}") = "Task02", "Task02\Task02.csproj", "{D21907CF-42C4-4A99-80C7-9132A414BF4F}"
EndProject
Project("{FAE04EC0-301F-11D3-BF4B-00C04F79EFBC}") = "Task03", "Task03\Task03.csproj", "{495A9A2F-ED52-4AB5-A1D6-85B680C0BCAA}"
EndProject
Project("{FAE04EC0-301F-11D3-BF4B-00C04F79EFBC}") = "Task04", "Task04\Task04.csproj", "{1C85F04B-A8B5-4845-84CC-0A94DAD2075F}"
EndProject
Project("{FAE04EC0-301F-11D3-BF4B-00C04F79EFBC}") = "Task05", "Task05\Task05.csproj", "{EEF6E213-944E-45A0-889F-A4D5AD47C6A1}"
EndProject
Project("{9A19103F-16F7-4668-BE54-9A1E7A4F7556}") = "Task06", "Task06\Task06.csproj", "{6B294F85-4982-4347-A778-4AC473451727}"
EndProject
Project("{FAE04EC0-301F-11D3-BF4B-00C04F79EFBC}") = "Task07", "Task07\Task07.csproj", "{3F6CC8FB-F64E-4B6A-AD6D-9A5EE0D9B118}"
EndProject
Project("{FAE04EC0-301F-11D3-BF4B-00C04F79EFBC}") = "Task08", "Task08\Task08.csproj", "{42A1B25F-829E-4CDD-B302-58B75E53B48B}"
EndProject
Project("{FAE04EC0-301F-11D3-BF4B-00C04F79EFBC}") = "Task09", "Task09\Task09.csproj", "{32395D08-AD88-4C86-BE24-748D11B36FCE}"
EndProject
Project("{FAE04EC0-301F-11D3-BF4B-00C04F79EFBC}") = "Task10", "Task10\Task10.csproj", "{00505C57-940B-4060-9258-F6C17E98ABEB}"
EndProject
Project("{FAE04EC0-301F-11D3-BF4B-00C04F79EFBC}") = "Task11", "Task11\Task11.csproj", "{9D9BEAA7-22AC-427E-A1BD-B50FDD010782}"
EndProject
Project("{FAE04EC0-301F-11D3-BF4B-00C04F79EFBC}") = "Task12", "Task12\Task12.csproj", "{1DC1B79A-818F-4D48-82CE-D18A97ECF203}"
EndProject
Global
	GlobalSection(SolutionConfigurationPlatforms) = preSolution
		Debug|Any CPU = Debug|Any CPU
		Release|Any CPU = Release|Any CPU
	EndGlobalSection
	GlobalSection(ProjectConfigurationPlatforms) = postSolution
		{DC281399-F629-4476-A162-56ACD2C99EB0}.Debug|Any CPU.ActiveCfg = Debug|Any CPU
		{DC281399-F629-4476-A162-56ACD2C99EB0}.Debug|Any CPU.Build.0 = Debug|Any CPU
		{DC281399-F629-4476-A162-56ACD2C99EB0}.Release|Any CPU.ActiveCfg = Release|Any CPU
		{DC281399-F629-4476-A162-56ACD2C99EB0}.Release|Any CPU.Build.0 = Release|Any CPU
		{D21907CF-42C4-4A99-80C7-9132A414BF4F}.Debug|Any CPU.ActiveCfg = Debug|Any CPU
		{D21907CF-42C4-4A99-80C7-9132A414BF4F}.Debug|Any CPU.Build.0 = Debug|Any CPU
		{D21907CF-42C4-4A99-80C7-9132A414BF4F}.Release|Any CPU.ActiveCfg = Release|Any CPU
		{D21907CF-42C4-4A99-80C7-9132A414BF4F}.Release|Any CPU.Build.0 = Release|Any CPU
		{495A9A2F-ED52-4AB5-A1D6-85B680C0BCAA}.Debug|Any CPU.ActiveCfg = Debug|Any CPU
		{495A9A2F-ED52-4AB5-A1D6-85B680C0BCAA}.Debug|Any CPU.Build.0 = Debug|Any CPU
		{495A9A2F-ED52-4AB5-A1D6-85B680C0BCAA}.Release|Any CPU.ActiveCfg = Release|Any CPU
		{495A9A2F-ED52-4AB5-A1D6-85B680C0BCAA}.Release|Any CPU.Build.0 = Release|Any CPU
		{1C85F04B-A8B5-4845-84CC-0A94DAD2075F}.Debug|Any CPU.ActiveCfg = Debug|Any CPU
		{1C85F04B-A8B5-4845-84CC-0A94DAD2075F}.Debug|Any CPU.Build.0 = Debug|Any CPU
		{1C85F04B-A8B5-4845-84CC-0A94DAD2075F}.Release|Any CPU.ActiveCfg = Release|Any CPU
		{1C85F04B-A8B5-4845-84CC-0A94DAD2075F}.Release|Any CPU.Build.0 = Release|Any CPU
		{EEF6E213-944E-45A0-889F-A4D5AD47C6A1}.Debug|Any CPU.ActiveCfg = Debug|Any CPU
		{EEF6E213-944E-45A0-889F-A4D5AD47C6A1}.Debug|Any CPU.Build.0 = Debug|Any CPU
		{EEF6E213-944E-45A0-889F-A4D5AD47C6A1}.Release|Any CPU.ActiveCfg = Release|Any CPU
		{EEF6E213-944E-45A0-889F-A4D5AD47C6A1}.Release|Any CPU.Build.0 = Release|Any CPU
		{6B294F85-4982-4347-A778-4AC473451727}.Debug|Any CPU.ActiveCfg = Debug|Any CPU
		{6B294F85-4982-4347-A778-4AC473451727}.Debug|Any CPU.Build.0 = Debug|Any CPU
		{6B294F85-4982-4347-A778-4AC473451727}.Release|Any CPU.ActiveCfg = Release|Any CPU
		{6B294F85-4982-4347-A778-4AC473451727}.Release|Any CPU.Build.0 = Release|Any CPU
		{3F6CC8FB-F64E-4B6A-AD6D-9A5EE0D9B118}.Debug|Any CPU.ActiveCfg = Debug|Any CPU
		{3F6CC8FB-F64E-4B6A-AD6D-9A5EE0D9B118}.Debug|Any CPU.Build.0 = Debug|Any CPU
		{3F6CC8FB-F64E-4B6A-AD6D-9A5EE0D9B118}.Release|Any CPU.ActiveCfg = Release|Any CPU
		{3F6CC8FB-F64E-4B6A-AD6D-9A5EE0D9B118}.Release|Any CPU.Build.0 = Release|Any CPU
		{42A1B25F-829E-4CDD-B302-58B75E53B48B}.Debug|Any CPU.ActiveCfg = Debug|Any CPU
		{42A1B25F-829E-4CDD-B302-58B75E53B48B}.Debug|Any CPU.Build.0 = Debug|Any CPU
		{42A1B25F-829E-4CDD-B302-58B75E53B48B}.Release|Any CPU.ActiveCfg = Release|Any CPU
		{42A1B25F-829E-4CDD-B302-58B75E53B48B}.Release|Any CPU.Build.0 = Release|Any CPU
		{32395D08-AD88-4C86-BE24-748D11B36FCE}.Debug|Any CPU.ActiveCfg = Debug|Any CPU
		{32395D08-AD88-4C86-BE24-748D11B36FCE}.Debug|Any CPU.Build.0 = Debug|Any CPU
		{32395D08-AD88-4C86-BE24-748D11B36FCE}.Release|Any CPU.ActiveCfg = Release|Any CPU
		{32395D08-AD88-4C86-BE24-748D11B36FCE}.Release|Any CPU.Build.0 = Release|Any CPU
		{00505C57-940B-4060-9258-F6C17E98ABEB}.Debug|Any CPU.ActiveCfg = Debug|Any CPU
		{00505C57-940B-4060-9258-F6C17E98ABEB}.Debug|Any CPU.Build.0 = Debug|Any CPU
		{00505C57-940B-4060-9258-F6C17E98ABEB}.Release|Any CPU.ActiveCfg = Release|Any CPU
		{00505C57-940B-4060-9258-F6C17E98ABEB}.Release|Any CPU.Build.0 = Release|Any CPU
		{9D9BEAA7-22AC-427E-A1BD-B50FDD010782}.Debug|Any CPU.ActiveCfg = Debug|Any CPU
		{9D9BEAA7-22AC-427E-A1BD-B50FDD010782}.Debug|Any CPU.Build.0 = Debug|Any CPU
		{9D9BEAA7-22AC-427E-A1BD-B50FDD010782}.Release|Any CPU.ActiveCfg = Release|Any CPU
		{9D9BEAA7-22AC-427E-A1BD-B50FDD010782}.Release|Any CPU.Build.0 = Release|Any CPU
		{1DC1B79A-818F-4D48-82CE-D18A97ECF203}.Debug|Any CPU.ActiveCfg = Debug|Any CPU
		{1DC1B79A-818F-4D48-82CE-D18A97ECF203}.Debug|Any CPU.Build.0 = Debug|Any CPU
		{1DC1B79A-818F-4D48-82CE-D18A97ECF203}.Release|Any CPU.ActiveCfg = Release|Any CPU
		{1DC1B79A-818F-4D48-82CE-D18A97ECF203}.Release|Any CPU.Build.0 = Release|Any CPU
	EndGlobalSection
	GlobalSection(SolutionProperties) = preSolution
		HideSolutionNode = FALSE
	EndGlobalSection
	GlobalSection(ExtensibilityGlobals) = postSolution
		SolutionGuid = {41C9BB24-6934-4346-B6D4-454339B6C3EE}
	EndGlobalSection
EndGlobal
