
Microsoft Visual Studio Solution File, Format Version 12.00
# Visual Studio Version 16
VisualStudioVersion = 16.0.31410.357
MinimumVisualStudioVersion = 10.0.40219.1
Project("{FAE04EC0-301F-11D3-BF4B-00C04F79EFBC}") = "OOP", "OOP\OOP.csproj", "{482F7AD9-B12F-409E-9250-F07E37C252B4}"
EndProject
Project("{FAE04EC0-301F-11D3-BF4B-00C04F79EFBC}") = "OOP2", "OOP2\OOP2.csproj", "{704D60A4-E453-490E-BB41-DA84A3B82165}"
EndProject
Project("{9A19103F-16F7-4668-BE54-9A1E7A4F7556}") = "Test", "Test\Test.csproj", "{DABDCEF1-DE0B-441C-AD3E-DA593F3AAA98}"
EndProject
Project("{9A19103F-16F7-4668-BE54-9A1E7A4F7556}") = "Test1", "Test1\Test1.csproj", "{0F29FADE-B67A-4B82-857A-D597C099B3FA}"
EndProject
Project("{FAE04EC0-301F-11D3-BF4B-00C04F79EFBC}") = "Polymorphism1", "Polymorphism1\Polymorphism1.csproj", "{ED47A112-C4E8-4FC7-95E4-BD7659157BBF}"
EndProject
Project("{9A19103F-16F7-4668-BE54-9A1E7A4F7556}") = "Others", "Others\Others.csproj", "{77D04DC0-21EF-466F-B3BF-26755A27B972}"
EndProject
Project("{FAE04EC0-301F-11D3-BF4B-00C04F79EFBC}") = "Test2", "Test2\Test2.csproj", "{57E425BD-A6B5-4979-BEB4-F1929AD2537B}"
EndProject
Project("{FAE04EC0-301F-11D3-BF4B-00C04F79EFBC}") = "Food", "Food\Food.csproj", "{8E83D795-EF4D-4809-BB67-269C1A9B5405}"
EndProject
Global
	GlobalSection(SolutionConfigurationPlatforms) = preSolution
		Debug|Any CPU = Debug|Any CPU
		Release|Any CPU = Release|Any CPU
	EndGlobalSection
	GlobalSection(ProjectConfigurationPlatforms) = postSolution
		{482F7AD9-B12F-409E-9250-F07E37C252B4}.Debug|Any CPU.ActiveCfg = Debug|Any CPU
		{482F7AD9-B12F-409E-9250-F07E37C252B4}.Debug|Any CPU.Build.0 = Debug|Any CPU
		{482F7AD9-B12F-409E-9250-F07E37C252B4}.Release|Any CPU.ActiveCfg = Release|Any CPU
		{482F7AD9-B12F-409E-9250-F07E37C252B4}.Release|Any CPU.Build.0 = Release|Any CPU
		{704D60A4-E453-490E-BB41-DA84A3B82165}.Debug|Any CPU.ActiveCfg = Debug|Any CPU
		{704D60A4-E453-490E-BB41-DA84A3B82165}.Debug|Any CPU.Build.0 = Debug|Any CPU
		{704D60A4-E453-490E-BB41-DA84A3B82165}.Release|Any CPU.ActiveCfg = Release|Any CPU
		{704D60A4-E453-490E-BB41-DA84A3B82165}.Release|Any CPU.Build.0 = Release|Any CPU
		{DABDCEF1-DE0B-441C-AD3E-DA593F3AAA98}.Debug|Any CPU.ActiveCfg = Debug|Any CPU
		{DABDCEF1-DE0B-441C-AD3E-DA593F3AAA98}.Debug|Any CPU.Build.0 = Debug|Any CPU
		{DABDCEF1-DE0B-441C-AD3E-DA593F3AAA98}.Release|Any CPU.ActiveCfg = Release|Any CPU
		{DABDCEF1-DE0B-441C-AD3E-DA593F3AAA98}.Release|Any CPU.Build.0 = Release|Any CPU
		{0F29FADE-B67A-4B82-857A-D597C099B3FA}.Debug|Any CPU.ActiveCfg = Debug|Any CPU
		{0F29FADE-B67A-4B82-857A-D597C099B3FA}.Debug|Any CPU.Build.0 = Debug|Any CPU
		{0F29FADE-B67A-4B82-857A-D597C099B3FA}.Release|Any CPU.ActiveCfg = Release|Any CPU
		{0F29FADE-B67A-4B82-857A-D597C099B3FA}.Release|Any CPU.Build.0 = Release|Any CPU
		{ED47A112-C4E8-4FC7-95E4-BD7659157BBF}.Debug|Any CPU.ActiveCfg = Debug|Any CPU
		{ED47A112-C4E8-4FC7-95E4-BD7659157BBF}.Debug|Any CPU.Build.0 = Debug|Any CPU
		{ED47A112-C4E8-4FC7-95E4-BD7659157BBF}.Release|Any CPU.ActiveCfg = Release|Any CPU
		{ED47A112-C4E8-4FC7-95E4-BD7659157BBF}.Release|Any CPU.Build.0 = Release|Any CPU
		{77D04DC0-21EF-466F-B3BF-26755A27B972}.Debug|Any CPU.ActiveCfg = Debug|Any CPU
		{77D04DC0-21EF-466F-B3BF-26755A27B972}.Debug|Any CPU.Build.0 = Debug|Any CPU
		{77D04DC0-21EF-466F-B3BF-26755A27B972}.Release|Any CPU.ActiveCfg = Release|Any CPU
		{77D04DC0-21EF-466F-B3BF-26755A27B972}.Release|Any CPU.Build.0 = Release|Any CPU
		{57E425BD-A6B5-4979-BEB4-F1929AD2537B}.Debug|Any CPU.ActiveCfg = Debug|Any CPU
		{57E425BD-A6B5-4979-BEB4-F1929AD2537B}.Debug|Any CPU.Build.0 = Debug|Any CPU
		{57E425BD-A6B5-4979-BEB4-F1929AD2537B}.Release|Any CPU.ActiveCfg = Release|Any CPU
		{57E425BD-A6B5-4979-BEB4-F1929AD2537B}.Release|Any CPU.Build.0 = Release|Any CPU
		{8E83D795-EF4D-4809-BB67-269C1A9B5405}.Debug|Any CPU.ActiveCfg = Debug|Any CPU
		{8E83D795-EF4D-4809-BB67-269C1A9B5405}.Debug|Any CPU.Build.0 = Debug|Any CPU
		{8E83D795-EF4D-4809-BB67-269C1A9B5405}.Release|Any CPU.ActiveCfg = Release|Any CPU
		{8E83D795-EF4D-4809-BB67-269C1A9B5405}.Release|Any CPU.Build.0 = Release|Any CPU
	EndGlobalSection
	GlobalSection(SolutionProperties) = preSolution
		HideSolutionNode = FALSE
	EndGlobalSection
	GlobalSection(ExtensibilityGlobals) = postSolution
		SolutionGuid = {05F8D379-7EB2-4169-A87D-52364C0F8456}
	EndGlobalSection
EndGlobal
