
Microsoft Visual Studio Solution File, Format Version 12.00
# Visual Studio Version 16
VisualStudioVersion = 16.0.31410.357
MinimumVisualStudioVersion = 10.0.40219.1
Project("{9A19103F-16F7-4668-BE54-9A1E7A4F7556}") = "Task01", "Task01\Task01.csproj", "{250C2751-88FA-40C5-B8E2-967CD403650E}"
EndProject
Project("{FAE04EC0-301F-11D3-BF4B-00C04F79EFBC}") = "Task02", "Task02\Task02.csproj", "{889D4CCA-53CA-4D51-B1AE-E7BF15A41E4A}"
EndProject
Project("{FAE04EC0-301F-11D3-BF4B-00C04F79EFBC}") = "Task03", "Task03\Task03.csproj", "{126760F5-6D55-48CB-8E31-0A70536D355E}"
EndProject
Project("{FAE04EC0-301F-11D3-BF4B-00C04F79EFBC}") = "Task04", "Task04\Task04.csproj", "{A6195694-B336-4813-B030-4FA2964E67BC}"
EndProject
Global
	GlobalSection(SolutionConfigurationPlatforms) = preSolution
		Debug|Any CPU = Debug|Any CPU
		Release|Any CPU = Release|Any CPU
	EndGlobalSection
	GlobalSection(ProjectConfigurationPlatforms) = postSolution
		{250C2751-88FA-40C5-B8E2-967CD403650E}.Debug|Any CPU.ActiveCfg = Debug|Any CPU
		{250C2751-88FA-40C5-B8E2-967CD403650E}.Debug|Any CPU.Build.0 = Debug|Any CPU
		{250C2751-88FA-40C5-B8E2-967CD403650E}.Release|Any CPU.ActiveCfg = Release|Any CPU
		{250C2751-88FA-40C5-B8E2-967CD403650E}.Release|Any CPU.Build.0 = Release|Any CPU
		{889D4CCA-53CA-4D51-B1AE-E7BF15A41E4A}.Debug|Any CPU.ActiveCfg = Debug|Any CPU
		{889D4CCA-53CA-4D51-B1AE-E7BF15A41E4A}.Debug|Any CPU.Build.0 = Debug|Any CPU
		{889D4CCA-53CA-4D51-B1AE-E7BF15A41E4A}.Release|Any CPU.ActiveCfg = Release|Any CPU
		{889D4CCA-53CA-4D51-B1AE-E7BF15A41E4A}.Release|Any CPU.Build.0 = Release|Any CPU
		{126760F5-6D55-48CB-8E31-0A70536D355E}.Debug|Any CPU.ActiveCfg = Debug|Any CPU
		{126760F5-6D55-48CB-8E31-0A70536D355E}.Debug|Any CPU.Build.0 = Debug|Any CPU
		{126760F5-6D55-48CB-8E31-0A70536D355E}.Release|Any CPU.ActiveCfg = Release|Any CPU
		{126760F5-6D55-48CB-8E31-0A70536D355E}.Release|Any CPU.Build.0 = Release|Any CPU
		{A6195694-B336-4813-B030-4FA2964E67BC}.Debug|Any CPU.ActiveCfg = Debug|Any CPU
		{A6195694-B336-4813-B030-4FA2964E67BC}.Debug|Any CPU.Build.0 = Debug|Any CPU
		{A6195694-B336-4813-B030-4FA2964E67BC}.Release|Any CPU.ActiveCfg = Release|Any CPU
		{A6195694-B336-4813-B030-4FA2964E67BC}.Release|Any CPU.Build.0 = Release|Any CPU
	EndGlobalSection
	GlobalSection(SolutionProperties) = preSolution
		HideSolutionNode = FALSE
	EndGlobalSection
	GlobalSection(ExtensibilityGlobals) = postSolution
		SolutionGuid = {3651D447-9062-4856-92F1-E0E7E098C59B}
	EndGlobalSection
EndGlobal
