
Microsoft Visual Studio Solution File, Format Version 12.00
# Visual Studio Version 16
VisualStudioVersion = 16.0.31410.357
MinimumVisualStudioVersion = 10.0.40219.1
Project("{FAE04EC0-301F-11D3-BF4B-00C04F79EFBC}") = "FoodApp", "FoodApp\FoodApp.csproj", "{7B56E27A-5E0D-4644-B865-BBFD78595F72}"
EndProject
Global
	GlobalSection(SolutionConfigurationPlatforms) = preSolution
		Debug|Any CPU = Debug|Any CPU
		Release|Any CPU = Release|Any CPU
	EndGlobalSection
	GlobalSection(ProjectConfigurationPlatforms) = postSolution
		{7B56E27A-5E0D-4644-B865-BBFD78595F72}.Debug|Any CPU.ActiveCfg = Debug|Any CPU
		{7B56E27A-5E0D-4644-B865-BBFD78595F72}.Debug|Any CPU.Build.0 = Debug|Any CPU
		{7B56E27A-5E0D-4644-B865-BBFD78595F72}.Release|Any CPU.ActiveCfg = Release|Any CPU
		{7B56E27A-5E0D-4644-B865-BBFD78595F72}.Release|Any CPU.Build.0 = Release|Any CPU
	EndGlobalSection
	GlobalSection(SolutionProperties) = preSolution
		HideSolutionNode = FALSE
	EndGlobalSection
	GlobalSection(ExtensibilityGlobals) = postSolution
		SolutionGuid = {E4A6FE0B-F917-4D5F-AB2A-73249C882F5E}
	EndGlobalSection
EndGlobal
