
Microsoft Visual Studio Solution File, Format Version 12.00
# Visual Studio Version 16
VisualStudioVersion = 16.0.31410.357
MinimumVisualStudioVersion = 10.0.40219.1
Project("{9A19103F-16F7-4668-BE54-9A1E7A4F7556}") = "Task01", "Task01\Task01.csproj", "{AF2F3741-8955-4A69-89B1-C2FC708085B9}"
EndProject
Project("{FAE04EC0-301F-11D3-BF4B-00C04F79EFBC}") = "Task02", "Task02\Task02.csproj", "{A550961C-3400-4898-8E8B-B699C6D0C774}"
EndProject
Project("{9A19103F-16F7-4668-BE54-9A1E7A4F7556}") = "Task03", "Task03\Task03.csproj", "{61739108-DECA-4B0B-A846-4240CDFD630D}"
EndProject
Project("{FAE04EC0-301F-11D3-BF4B-00C04F79EFBC}") = "Task04", "Task04\Task04.csproj", "{7960BA32-A95F-42B6-B9CD-8C3F4AD98206}"
EndProject
Project("{FAE04EC0-301F-11D3-BF4B-00C04F79EFBC}") = "Task05", "Task05\Task05.csproj", "{6B1203E5-976B-4D59-8E5F-70D16D9EE167}"
EndProject
Project("{FAE04EC0-301F-11D3-BF4B-00C04F79EFBC}") = "Task06", "Task06\Task06.csproj", "{AE0FB6A0-EE95-41EC-A377-018B5D5D88A6}"
EndProject
Global
	GlobalSection(SolutionConfigurationPlatforms) = preSolution
		Debug|Any CPU = Debug|Any CPU
		Release|Any CPU = Release|Any CPU
	EndGlobalSection
	GlobalSection(ProjectConfigurationPlatforms) = postSolution
		{AF2F3741-8955-4A69-89B1-C2FC708085B9}.Debug|Any CPU.ActiveCfg = Debug|Any CPU
		{AF2F3741-8955-4A69-89B1-C2FC708085B9}.Debug|Any CPU.Build.0 = Debug|Any CPU
		{AF2F3741-8955-4A69-89B1-C2FC708085B9}.Release|Any CPU.ActiveCfg = Release|Any CPU
		{AF2F3741-8955-4A69-89B1-C2FC708085B9}.Release|Any CPU.Build.0 = Release|Any CPU
		{A550961C-3400-4898-8E8B-B699C6D0C774}.Debug|Any CPU.ActiveCfg = Debug|Any CPU
		{A550961C-3400-4898-8E8B-B699C6D0C774}.Debug|Any CPU.Build.0 = Debug|Any CPU
		{A550961C-3400-4898-8E8B-B699C6D0C774}.Release|Any CPU.ActiveCfg = Release|Any CPU
		{A550961C-3400-4898-8E8B-B699C6D0C774}.Release|Any CPU.Build.0 = Release|Any CPU
		{61739108-DECA-4B0B-A846-4240CDFD630D}.Debug|Any CPU.ActiveCfg = Debug|Any CPU
		{61739108-DECA-4B0B-A846-4240CDFD630D}.Debug|Any CPU.Build.0 = Debug|Any CPU
		{61739108-DECA-4B0B-A846-4240CDFD630D}.Release|Any CPU.ActiveCfg = Release|Any CPU
		{61739108-DECA-4B0B-A846-4240CDFD630D}.Release|Any CPU.Build.0 = Release|Any CPU
		{7960BA32-A95F-42B6-B9CD-8C3F4AD98206}.Debug|Any CPU.ActiveCfg = Debug|Any CPU
		{7960BA32-A95F-42B6-B9CD-8C3F4AD98206}.Debug|Any CPU.Build.0 = Debug|Any CPU
		{7960BA32-A95F-42B6-B9CD-8C3F4AD98206}.Release|Any CPU.ActiveCfg = Release|Any CPU
		{7960BA32-A95F-42B6-B9CD-8C3F4AD98206}.Release|Any CPU.Build.0 = Release|Any CPU
		{6B1203E5-976B-4D59-8E5F-70D16D9EE167}.Debug|Any CPU.ActiveCfg = Debug|Any CPU
		{6B1203E5-976B-4D59-8E5F-70D16D9EE167}.Debug|Any CPU.Build.0 = Debug|Any CPU
		{6B1203E5-976B-4D59-8E5F-70D16D9EE167}.Release|Any CPU.ActiveCfg = Release|Any CPU
		{6B1203E5-976B-4D59-8E5F-70D16D9EE167}.Release|Any CPU.Build.0 = Release|Any CPU
		{AE0FB6A0-EE95-41EC-A377-018B5D5D88A6}.Debug|Any CPU.ActiveCfg = Debug|Any CPU
		{AE0FB6A0-EE95-41EC-A377-018B5D5D88A6}.Debug|Any CPU.Build.0 = Debug|Any CPU
		{AE0FB6A0-EE95-41EC-A377-018B5D5D88A6}.Release|Any CPU.ActiveCfg = Release|Any CPU
		{AE0FB6A0-EE95-41EC-A377-018B5D5D88A6}.Release|Any CPU.Build.0 = Release|Any CPU
	EndGlobalSection
	GlobalSection(SolutionProperties) = preSolution
		HideSolutionNode = FALSE
	EndGlobalSection
	GlobalSection(ExtensibilityGlobals) = postSolution
		SolutionGuid = {A4114EDA-DF19-4AE5-80F3-D21BB4258F61}
	EndGlobalSection
EndGlobal
